// !$*UTF8*$!
{
	archiveVersion = 1;
	classes = {
	};
	objectVersion = 50;
	objects = {

/* Begin PBXBuildFile section */
		332E2B24234BB50E00560363 /* AppDelegate.swift in Sources */ = {isa = PBXBuildFile; fileRef = 332E2B23234BB50E00560363 /* AppDelegate.swift */; };
		332E2B26234BB50E00560363 /* SceneDelegate.swift in Sources */ = {isa = PBXBuildFile; fileRef = 332E2B25234BB50E00560363 /* SceneDelegate.swift */; };
		332E2B2B234BB50E00560363 /* Main.storyboard in Resources */ = {isa = PBXBuildFile; fileRef = 332E2B29234BB50E00560363 /* Main.storyboard */; };
		332E2B2D234BB51000560363 /* Assets.xcassets in Resources */ = {isa = PBXBuildFile; fileRef = 332E2B2C234BB51000560363 /* Assets.xcassets */; };
		332E2B30234BB51000560363 /* LaunchScreen.storyboard in Resources */ = {isa = PBXBuildFile; fileRef = 332E2B2E234BB51000560363 /* LaunchScreen.storyboard */; };
		332E2B3B234BB51100560363 /* HotelManzanaTests.swift in Sources */ = {isa = PBXBuildFile; fileRef = 332E2B3A234BB51100560363 /* HotelManzanaTests.swift */; };
		332E2B46234BB51100560363 /* HotelManzanaUITests.swift in Sources */ = {isa = PBXBuildFile; fileRef = 332E2B45234BB51100560363 /* HotelManzanaUITests.swift */; };
		332E408F2368BE2900BEAD7C /* ShowRegistrationTableViewController.swift in Sources */ = {isa = PBXBuildFile; fileRef = 332E408E2368BE2900BEAD7C /* ShowRegistrationTableViewController.swift */; };
		33632E062363324C004CF650 /* Registration.swift in Sources */ = {isa = PBXBuildFile; fileRef = 33632E052363324C004CF650 /* Registration.swift */; };
		33632E08236335B4004CF650 /* RegistrationTableViewController.swift in Sources */ = {isa = PBXBuildFile; fileRef = 33632E07236335B4004CF650 /* RegistrationTableViewController.swift */; };
		33892E1C23607EBB00FADA29 /* RoomType.swift in Sources */ = {isa = PBXBuildFile; fileRef = 33892E1B23607EBB00FADA29 /* RoomType.swift */; };
		33AEF163235E07580050BE56 /* SelectRoomTypeTableViewController.swift in Sources */ = {isa = PBXBuildFile; fileRef = 33AEF162235E07580050BE56 /* SelectRoomTypeTableViewController.swift */; };
		33C8A370234CD7BB00E88539 /* AddRegistrationTableViewController.swift in Sources */ = {isa = PBXBuildFile; fileRef = 33C8A36F234CD7BB00E88539 /* AddRegistrationTableViewController.swift */; };
/* End PBXBuildFile section */

/* Begin PBXContainerItemProxy section */
		332E2B37234BB51100560363 /* PBXContainerItemProxy */ = {
			isa = PBXContainerItemProxy;
			containerPortal = 332E2B18234BB50E00560363 /* Project object */;
			proxyType = 1;
			remoteGlobalIDString = 332E2B1F234BB50E00560363;
			remoteInfo = HotelManzana;
		};
		332E2B42234BB51100560363 /* PBXContainerItemProxy */ = {
			isa = PBXContainerItemProxy;
			containerPortal = 332E2B18234BB50E00560363 /* Project object */;
			proxyType = 1;
			remoteGlobalIDString = 332E2B1F234BB50E00560363;
			remoteInfo = HotelManzana;
		};
/* End PBXContainerItemProxy section */

/* Begin PBXFileReference section */
		332E2B20234BB50E00560363 /* HotelManzana.app */ = {isa = PBXFileReference; explicitFileType = wrapper.application; includeInIndex = 0; path = HotelManzana.app; sourceTree = BUILT_PRODUCTS_DIR; };
		332E2B23234BB50E00560363 /* AppDelegate.swift */ = {isa = PBXFileReference; lastKnownFileType = sourcecode.swift; path = AppDelegate.swift; sourceTree = "<group>"; };
		332E2B25234BB50E00560363 /* SceneDelegate.swift */ = {isa = PBXFileReference; lastKnownFileType = sourcecode.swift; path = SceneDelegate.swift; sourceTree = "<group>"; };
		332E2B2A234BB50E00560363 /* Base */ = {isa = PBXFileReference; lastKnownFileType = file.storyboard; name = Base; path = Base.lproj/Main.storyboard; sourceTree = "<group>"; };
		332E2B2C234BB51000560363 /* Assets.xcassets */ = {isa = PBXFileReference; lastKnownFileType = folder.assetcatalog; path = Assets.xcassets; sourceTree = "<group>"; };
		332E2B2F234BB51000560363 /* Base */ = {isa = PBXFileReference; lastKnownFileType = file.storyboard; name = Base; path = Base.lproj/LaunchScreen.storyboard; sourceTree = "<group>"; };
		332E2B31234BB51000560363 /* Info.plist */ = {isa = PBXFileReference; lastKnownFileType = text.plist.xml; path = Info.plist; sourceTree = "<group>"; };
		332E2B36234BB51100560363 /* HotelManzanaTests.xctest */ = {isa = PBXFileReference; explicitFileType = wrapper.cfbundle; includeInIndex = 0; path = HotelManzanaTests.xctest; sourceTree = BUILT_PRODUCTS_DIR; };
		332E2B3A234BB51100560363 /* HotelManzanaTests.swift */ = {isa = PBXFileReference; lastKnownFileType = sourcecode.swift; path = HotelManzanaTests.swift; sourceTree = "<group>"; };
		332E2B3C234BB51100560363 /* Info.plist */ = {isa = PBXFileReference; lastKnownFileType = text.plist.xml; path = Info.plist; sourceTree = "<group>"; };
		332E2B41234BB51100560363 /* HotelManzanaUITests.xctest */ = {isa = PBXFileReference; explicitFileType = wrapper.cfbundle; includeInIndex = 0; path = HotelManzanaUITests.xctest; sourceTree = BUILT_PRODUCTS_DIR; };
		332E2B45234BB51100560363 /* HotelManzanaUITests.swift */ = {isa = PBXFileReference; lastKnownFileType = sourcecode.swift; path = HotelManzanaUITests.swift; sourceTree = "<group>"; };
		332E2B47234BB51100560363 /* Info.plist */ = {isa = PBXFileReference; lastKnownFileType = text.plist.xml; path = Info.plist; sourceTree = "<group>"; };
		332E408E2368BE2900BEAD7C /* ShowRegistrationTableViewController.swift */ = {isa = PBXFileReference; lastKnownFileType = sourcecode.swift; path = ShowRegistrationTableViewController.swift; sourceTree = "<group>"; };
		33632E052363324C004CF650 /* Registration.swift */ = {isa = PBXFileReference; lastKnownFileType = sourcecode.swift; path = Registration.swift; sourceTree = "<group>"; };
		33632E07236335B4004CF650 /* RegistrationTableViewController.swift */ = {isa = PBXFileReference; lastKnownFileType = sourcecode.swift; path = RegistrationTableViewController.swift; sourceTree = "<group>"; };
		33892E1B23607EBB00FADA29 /* RoomType.swift */ = {isa = PBXFileReference; lastKnownFileType = sourcecode.swift; path = RoomType.swift; sourceTree = "<group>"; };
		33AEF162235E07580050BE56 /* SelectRoomTypeTableViewController.swift */ = {isa = PBXFileReference; lastKnownFileType = sourcecode.swift; path = SelectRoomTypeTableViewController.swift; sourceTree = "<group>"; };
		33C8A36F234CD7BB00E88539 /* AddRegistrationTableViewController.swift */ = {isa = PBXFileReference; lastKnownFileType = sourcecode.swift; path = AddRegistrationTableViewController.swift; sourceTree = "<group>"; };
/* End PBXFileReference section */

/* Begin PBXFrameworksBuildPhase section */
		332E2B1D234BB50E00560363 /* Frameworks */ = {
			isa = PBXFrameworksBuildPhase;
			buildActionMask = 2147483647;
			files = (
			);
			runOnlyForDeploymentPostprocessing = 0;
		};
		332E2B33234BB51100560363 /* Frameworks */ = {
			isa = PBXFrameworksBuildPhase;
			buildActionMask = 2147483647;
			files = (
			);
			runOnlyForDeploymentPostprocessing = 0;
		};
		332E2B3E234BB51100560363 /* Frameworks */ = {
			isa = PBXFrameworksBuildPhase;
			buildActionMask = 2147483647;
			files = (
			);
			runOnlyForDeploymentPostprocessing = 0;
		};
/* End PBXFrameworksBuildPhase section */

/* Begin PBXGroup section */
		332E2B17234BB50E00560363 = {
			isa = PBXGroup;
			children = (
				332E2B22234BB50E00560363 /* HotelManzana */,
				332E2B39234BB51100560363 /* HotelManzanaTests */,
				332E2B44234BB51100560363 /* HotelManzanaUITests */,
				332E2B21234BB50E00560363 /* Products */,
			);
			sourceTree = "<group>";
		};
		332E2B21234BB50E00560363 /* Products */ = {
			isa = PBXGroup;
			children = (
				332E2B20234BB50E00560363 /* HotelManzana.app */,
				332E2B36234BB51100560363 /* HotelManzanaTests.xctest */,
				332E2B41234BB51100560363 /* HotelManzanaUITests.xctest */,
			);
			name = Products;
			sourceTree = "<group>";
		};
		332E2B22234BB50E00560363 /* HotelManzana */ = {
			isa = PBXGroup;
			children = (
				332E2B23234BB50E00560363 /* AppDelegate.swift */,
				332E2B25234BB50E00560363 /* SceneDelegate.swift */,
				332E2B29234BB50E00560363 /* Main.storyboard */,
				332E408E2368BE2900BEAD7C /* ShowRegistrationTableViewController.swift */,
				33632E07236335B4004CF650 /* RegistrationTableViewController.swift */,
				33AEF162235E07580050BE56 /* SelectRoomTypeTableViewController.swift */,
				33892E1B23607EBB00FADA29 /* RoomType.swift */,
				33C8A36F234CD7BB00E88539 /* AddRegistrationTableViewController.swift */,
				33632E052363324C004CF650 /* Registration.swift */,
				332E2B2C234BB51000560363 /* Assets.xcassets */,
				332E2B2E234BB51000560363 /* LaunchScreen.storyboard */,
				332E2B31234BB51000560363 /* Info.plist */,
			);
			path = HotelManzana;
			sourceTree = "<group>";
		};
		332E2B39234BB51100560363 /* HotelManzanaTests */ = {
			isa = PBXGroup;
			children = (
				332E2B3A234BB51100560363 /* HotelManzanaTests.swift */,
				332E2B3C234BB51100560363 /* Info.plist */,
			);
			path = HotelManzanaTests;
			sourceTree = "<group>";
		};
		332E2B44234BB51100560363 /* HotelManzanaUITests */ = {
			isa = PBXGroup;
			children = (
				332E2B45234BB51100560363 /* HotelManzanaUITests.swift */,
				332E2B47234BB51100560363 /* Info.plist */,
			);
			path = HotelManzanaUITests;
			sourceTree = "<group>";
		};
/* End PBXGroup section */

/* Begin PBXNativeTarget section */
		332E2B1F234BB50E00560363 /* HotelManzana */ = {
			isa = PBXNativeTarget;
			buildConfigurationList = 332E2B4A234BB51100560363 /* Build configuration list for PBXNativeTarget "HotelManzana" */;
			buildPhases = (
				332E2B1C234BB50E00560363 /* Sources */,
				332E2B1D234BB50E00560363 /* Frameworks */,
				332E2B1E234BB50E00560363 /* Resources */,
			);
			buildRules = (
			);
			dependencies = (
			);
			name = HotelManzana;
			productName = HotelManzana;
			productReference = 332E2B20234BB50E00560363 /* HotelManzana.app */;
			productType = "com.apple.product-type.application";
		};
		332E2B35234BB51100560363 /* HotelManzanaTests */ = {
			isa = PBXNativeTarget;
			buildConfigurationList = 332E2B4D234BB51100560363 /* Build configuration list for PBXNativeTarget "HotelManzanaTests" */;
			buildPhases = (
				332E2B32234BB51100560363 /* Sources */,
				332E2B33234BB51100560363 /* Frameworks */,
				332E2B34234BB51100560363 /* Resources */,
			);
			buildRules = (
			);
			dependencies = (
				332E2B38234BB51100560363 /* PBXTargetDependency */,
			);
			name = HotelManzanaTests;
			productName = HotelManzanaTests;
			productReference = 332E2B36234BB51100560363 /* HotelManzanaTests.xctest */;
			productType = "com.apple.product-type.bundle.unit-test";
		};
		332E2B40234BB51100560363 /* HotelManzanaUITests */ = {
			isa = PBXNativeTarget;
			buildConfigurationList = 332E2B50234BB51100560363 /* Build configuration list for PBXNativeTarget "HotelManzanaUITests" */;
			buildPhases = (
				332E2B3D234BB51100560363 /* Sources */,
				332E2B3E234BB51100560363 /* Frameworks */,
				332E2B3F234BB51100560363 /* Resources */,
			);
			buildRules = (
			);
			dependencies = (
				332E2B43234BB51100560363 /* PBXTargetDependency */,
			);
			name = HotelManzanaUITests;
			productName = HotelManzanaUITests;
			productReference = 332E2B41234BB51100560363 /* HotelManzanaUITests.xctest */;
			productType = "com.apple.product-type.bundle.ui-testing";
		};
/* End PBXNativeTarget section */

/* Begin PBXProject section */
		332E2B18234BB50E00560363 /* Project object */ = {
			isa = PBXProject;
			attributes = {
				LastSwiftUpdateCheck = 1100;
				LastUpgradeCheck = 1100;
				ORGANIZATIONNAME = "Alice Zhong";
				TargetAttributes = {
					332E2B1F234BB50E00560363 = {
						CreatedOnToolsVersion = 11.0;
					};
					332E2B35234BB51100560363 = {
						CreatedOnToolsVersion = 11.0;
						TestTargetID = 332E2B1F234BB50E00560363;
					};
					332E2B40234BB51100560363 = {
						CreatedOnToolsVersion = 11.0;
						TestTargetID = 332E2B1F234BB50E00560363;
					};
				};
			};
			buildConfigurationList = 332E2B1B234BB50E00560363 /* Build configuration list for PBXProject "HotelManzana" */;
			compatibilityVersion = "Xcode 9.3";
			developmentRegion = en;
			hasScannedForEncodings = 0;
			knownRegions = (
				en,
				Base,
			);
			mainGroup = 332E2B17234BB50E00560363;
			productRefGroup = 332E2B21234BB50E00560363 /* Products */;
			projectDirPath = "";
			projectRoot = "";
			targets = (
				332E2B1F234BB50E00560363 /* HotelManzana */,
				332E2B35234BB51100560363 /* HotelManzanaTests */,
				332E2B40234BB51100560363 /* HotelManzanaUITests */,
			);
		};
/* End PBXProject section */

/* Begin PBXResourcesBuildPhase section */
		332E2B1E234BB50E00560363 /* Resources */ = {
			isa = PBXResourcesBuildPhase;
			buildActionMask = 2147483647;
			files = (
				332E2B30234BB51000560363 /* LaunchScreen.storyboard in Resources */,
				332E2B2D234BB51000560363 /* Assets.xcassets in Resources */,
				332E2B2B234BB50E00560363 /* Main.storyboard in Resources */,
			);
			runOnlyForDeploymentPostprocessing = 0;
		};
		332E2B34234BB51100560363 /* Resources */ = {
			isa = PBXResourcesBuildPhase;
			buildActionMask = 2147483647;
			files = (
			);
			runOnlyForDeploymentPostprocessing = 0;
		};
		332E2B3F234BB51100560363 /* Resources */ = {
			isa = PBXResourcesBuildPhase;
			buildActionMask = 2147483647;
			files = (
			);
			runOnlyForDeploymentPostprocessing = 0;
		};
/* End PBXResourcesBuildPhase section */

/* Begin PBXSourcesBuildPhase section */
		332E2B1C234BB50E00560363 /* Sources */ = {
			isa = PBXSourcesBuildPhase;
			buildActionMask = 2147483647;
			files = (
				33AEF163235E07580050BE56 /* SelectRoomTypeTableViewController.swift in Sources */,
				33C8A370234CD7BB00E88539 /* AddRegistrationTableViewController.swift in Sources */,
				33892E1C23607EBB00FADA29 /* RoomType.swift in Sources */,
				332E2B24234BB50E00560363 /* AppDelegate.swift in Sources */,
				33632E062363324C004CF650 /* Registration.swift in Sources */,
				332E2B26234BB50E00560363 /* SceneDelegate.swift in Sources */,
				33632E08236335B4004CF650 /* RegistrationTableViewController.swift in Sources */,
				332E408F2368BE2900BEAD7C /* ShowRegistrationTableViewController.swift in Sources */,
			);
			runOnlyForDeploymentPostprocessing = 0;
		};
		332E2B32234BB51100560363 /* Sources */ = {
			isa = PBXSourcesBuildPhase;
			buildActionMask = 2147483647;
			files = (
				332E2B3B234BB51100560363 /* HotelManzanaTests.swift in Sources */,
			);
			runOnlyForDeploymentPostprocessing = 0;
		};
		332E2B3D234BB51100560363 /* Sources */ = {
			isa = PBXSourcesBuildPhase;
			buildActionMask = 2147483647;
			files = (
				332E2B46234BB51100560363 /* HotelManzanaUITests.swift in Sources */,
			);
			runOnlyForDeploymentPostprocessing = 0;
		};
/* End PBXSourcesBuildPhase section */

/* Begin PBXTargetDependency section */
		332E2B38234BB51100560363 /* PBXTargetDependency */ = {
			isa = PBXTargetDependency;
			target = 332E2B1F234BB50E00560363 /* HotelManzana */;
			targetProxy = 332E2B37234BB51100560363 /* PBXContainerItemProxy */;
		};
		332E2B43234BB51100560363 /* PBXTargetDependency */ = {
			isa = PBXTargetDependency;
			target = 332E2B1F234BB50E00560363 /* HotelManzana */;
			targetProxy = 332E2B42234BB51100560363 /* PBXContainerItemProxy */;
		};
/* End PBXTargetDependency section */

/* Begin PBXVariantGroup section */
		332E2B29234BB50E00560363 /* Main.storyboard */ = {
			isa = PBXVariantGroup;
			children = (
				332E2B2A234BB50E00560363 /* Base */,
			);
			name = Main.storyboard;
			sourceTree = "<group>";
		};
		332E2B2E234BB51000560363 /* LaunchScreen.storyboard */ = {
			isa = PBXVariantGroup;
			children = (
				332E2B2F234BB51000560363 /* Base */,
			);
			name = LaunchScreen.storyboard;
			sourceTree = "<group>";
		};
/* End PBXVariantGroup section */

/* Begin XCBuildConfiguration section */
		332E2B48234BB51100560363 /* Debug */ = {
			isa = XCBuildConfiguration;
			buildSettings = {
				ALWAYS_SEARCH_USER_PATHS = NO;
				CLANG_ANALYZER_NONNULL = YES;
				CLANG_ANALYZER_NUMBER_OBJECT_CONVERSION = YES_AGGRESSIVE;
				CLANG_CXX_LANGUAGE_STANDARD = "gnu++14";
				CLANG_CXX_LIBRARY = "libc++";
				CLANG_ENABLE_MODULES = YES;
				CLANG_ENABLE_OBJC_ARC = YES;
				CLANG_ENABLE_OBJC_WEAK = YES;
				CLANG_WARN_BLOCK_CAPTURE_AUTORELEASING = YES;
				CLANG_WARN_BOOL_CONVERSION = YES;
				CLANG_WARN_COMMA = YES;
				CLANG_WARN_CONSTANT_CONVERSION = YES;
				CLANG_WARN_DEPRECATED_OBJC_IMPLEMENTATIONS = YES;
				CLANG_WARN_DIRECT_OBJC_ISA_USAGE = YES_ERROR;
				CLANG_WARN_DOCUMENTATION_COMMENTS = YES;
				CLANG_WARN_EMPTY_BODY = YES;
				CLANG_WARN_ENUM_CONVERSION = YES;
				CLANG_WARN_INFINITE_RECURSION = YES;
				CLANG_WARN_INT_CONVERSION = YES;
				CLANG_WARN_NON_LITERAL_NULL_CONVERSION = YES;
				CLANG_WARN_OBJC_IMPLICIT_RETAIN_SELF = YES;
				CLANG_WARN_OBJC_LITERAL_CONVERSION = YES;
				CLANG_WARN_OBJC_ROOT_CLASS = YES_ERROR;
				CLANG_WARN_RANGE_LOOP_ANALYSIS = YES;
				CLANG_WARN_STRICT_PROTOTYPES = YES;
				CLANG_WARN_SUSPICIOUS_MOVE = YES;
				CLANG_WARN_UNGUARDED_AVAILABILITY = YES_AGGRESSIVE;
				CLANG_WARN_UNREACHABLE_CODE = YES;
				CLANG_WARN__DUPLICATE_METHOD_MATCH = YES;
				COPY_PHASE_STRIP = NO;
				DEBUG_INFORMATION_FORMAT = dwarf;
				ENABLE_STRICT_OBJC_MSGSEND = YES;
				ENABLE_TESTABILITY = YES;
				GCC_C_LANGUAGE_STANDARD = gnu11;
				GCC_DYNAMIC_NO_PIC = NO;
				GCC_NO_COMMON_BLOCKS = YES;
				GCC_OPTIMIZATION_LEVEL = 0;
				GCC_PREPROCESSOR_DEFINITIONS = (
					"DEBUG=1",
					"$(inherited)",
				);
				GCC_WARN_64_TO_32_BIT_CONVERSION = YES;
				GCC_WARN_ABOUT_RETURN_TYPE = YES_ERROR;
				GCC_WARN_UNDECLARED_SELECTOR = YES;
				GCC_WARN_UNINITIALIZED_AUTOS = YES_AGGRESSIVE;
				GCC_WARN_UNUSED_FUNCTION = YES;
				GCC_WARN_UNUSED_VARIABLE = YES;
				IPHONEOS_DEPLOYMENT_TARGET = 13.0;
				MTL_ENABLE_DEBUG_INFO = INCLUDE_SOURCE;
				MTL_FAST_MATH = YES;
				ONLY_ACTIVE_ARCH = YES;
				SDKROOT = iphoneos;
				SWIFT_ACTIVE_COMPILATION_CONDITIONS = DEBUG;
				SWIFT_OPTIMIZATION_LEVEL = "-Onone";
			};
			name = Debug;
		};
		332E2B49234BB51100560363 /* Release */ = {
			isa = XCBuildConfiguration;
			buildSettings = {
				ALWAYS_SEARCH_USER_PATHS = NO;
				CLANG_ANALYZER_NONNULL = YES;
				CLANG_ANALYZER_NUMBER_OBJECT_CONVERSION = YES_AGGRESSIVE;
				CLANG_CXX_LANGUAGE_STANDARD = "gnu++14";
				CLANG_CXX_LIBRARY = "libc++";
				CLANG_ENABLE_MODULES = YES;
				CLANG_ENABLE_OBJC_ARC = YES;
				CLANG_ENABLE_OBJC_WEAK = YES;
				CLANG_WARN_BLOCK_CAPTURE_AUTORELEASING = YES;
				CLANG_WARN_BOOL_CONVERSION = YES;
				CLANG_WARN_COMMA = YES;
				CLANG_WARN_CONSTANT_CONVERSION = YES;
				CLANG_WARN_DEPRECATED_OBJC_IMPLEMENTATIONS = YES;
				CLANG_WARN_DIRECT_OBJC_ISA_USAGE = YES_ERROR;
				CLANG_WARN_DOCUMENTATION_COMMENTS = YES;
				CLANG_WARN_EMPTY_BODY = YES;
				CLANG_WARN_ENUM_CONVERSION = YES;
				CLANG_WARN_INFINITE_RECURSION = YES;
				CLANG_WARN_INT_CONVERSION = YES;
				CLANG_WARN_NON_LITERAL_NULL_CONVERSION = YES;
				CLANG_WARN_OBJC_IMPLICIT_RETAIN_SELF = YES;
				CLANG_WARN_OBJC_LITERAL_CONVERSION = YES;
				CLANG_WARN_OBJC_ROOT_CLASS = YES_ERROR;
				CLANG_WARN_RANGE_LOOP_ANALYSIS = YES;
				CLANG_WARN_STRICT_PROTOTYPES = YES;
				CLANG_WARN_SUSPICIOUS_MOVE = YES;
				CLANG_WARN_UNGUARDED_AVAILABILITY = YES_AGGRESSIVE;
				CLANG_WARN_UNREACHABLE_CODE = YES;
				CLANG_WARN__DUPLICATE_METHOD_MATCH = YES;
				COPY_PHASE_STRIP = NO;
				DEBUG_INFORMATION_FORMAT = "dwarf-with-dsym";
				ENABLE_NS_ASSERTIONS = NO;
				ENABLE_STRICT_OBJC_MSGSEND = YES;
				GCC_C_LANGUAGE_STANDARD = gnu11;
				GCC_NO_COMMON_BLOCKS = YES;
				GCC_WARN_64_TO_32_BIT_CONVERSION = YES;
				GCC_WARN_ABOUT_RETURN_TYPE = YES_ERROR;
				GCC_WARN_UNDECLARED_SELECTOR = YES;
				GCC_WARN_UNINITIALIZED_AUTOS = YES_AGGRESSIVE;
				GCC_WARN_UNUSED_FUNCTION = YES;
				GCC_WARN_UNUSED_VARIABLE = YES;
				IPHONEOS_DEPLOYMENT_TARGET = 13.0;
				MTL_ENABLE_DEBUG_INFO = NO;
				MTL_FAST_MATH = YES;
				SDKROOT = iphoneos;
				SWIFT_COMPILATION_MODE = wholemodule;
				SWIFT_OPTIMIZATION_LEVEL = "-O";
				VALIDATE_PRODUCT = YES;
			};
			name = Release;
		};
		332E2B4B234BB51100560363 /* Debug */ = {
			isa = XCBuildConfiguration;
			buildSettings = {
				ASSETCATALOG_COMPILER_APPICON_NAME = AppIcon;
				CODE_SIGN_STYLE = Automatic;
				DEVELOPMENT_TEAM = 85L65YJ92T;
				INFOPLIST_FILE = HotelManzana/Info.plist;
				LD_RUNPATH_SEARCH_PATHS = (
					"$(inherited)",
					"@executable_path/Frameworks",
				);
				PRODUCT_BUNDLE_IDENTIFIER = AliceZhong.HotelManzana;
				PRODUCT_NAME = "$(TARGET_NAME)";
				SWIFT_VERSION = 5.0;
				TARGETED_DEVICE_FAMILY = "1,2";
			};
			name = Debug;
		};
		332E2B4C234BB51100560363 /* Release */ = {
			isa = XCBuildConfiguration;
			buildSettings = {
				ASSETCATALOG_COMPILER_APPICON_NAME = AppIcon;
				CODE_SIGN_STYLE = Automatic;
				DEVELOPMENT_TEAM = 85L65YJ92T;
				INFOPLIST_FILE = HotelManzana/Info.plist;
				LD_RUNPATH_SEARCH_PATHS = (
					"$(inherited)",
					"@executable_path/Frameworks",
				);
				PRODUCT_BUNDLE_IDENTIFIER = AliceZhong.HotelManzana;
				PRODUCT_NAME = "$(TARGET_NAME)";
				SWIFT_VERSION = 5.0;
				TARGETED_DEVICE_FAMILY = "1,2";
			};
			name = Release;
		};
		332E2B4E234BB51100560363 /* Debug */ = {
			isa = XCBuildConfiguration;
			buildSettings = {
				ALWAYS_EMBED_SWIFT_STANDARD_LIBRARIES = YES;
				BUNDLE_LOADER = "$(TEST_HOST)";
				CODE_SIGN_STYLE = Automatic;
				DEVELOPMENT_TEAM = 85L65YJ92T;
				INFOPLIST_FILE = HotelManzanaTests/Info.plist;
				IPHONEOS_DEPLOYMENT_TARGET = 13.0;
				LD_RUNPATH_SEARCH_PATHS = (
					"$(inherited)",
					"@executable_path/Frameworks",
					"@loader_path/Frameworks",
				);
				PRODUCT_BUNDLE_IDENTIFIER = AliceZhong.HotelManzanaTests;
				PRODUCT_NAME = "$(TARGET_NAME)";
				SWIFT_VERSION = 5.0;
				TARGETED_DEVICE_FAMILY = "1,2";
				TEST_HOST = "$(BUILT_PRODUCTS_DIR)/HotelManzana.app/HotelManzana";
			};
			name = Debug;
		};
		332E2B4F234BB51100560363 /* Release */ = {
			isa = XCBuildConfiguration;
			buildSettings = {
				ALWAYS_EMBED_SWIFT_STANDARD_LIBRARIES = YES;
				BUNDLE_LOADER = "$(TEST_HOST)";
				CODE_SIGN_STYLE = Automatic;
				DEVELOPMENT_TEAM = 85L65YJ92T;
				INFOPLIST_FILE = HotelManzanaTests/Info.plist;
				IPHONEOS_DEPLOYMENT_TARGET = 13.0;
				LD_RUNPATH_SEARCH_PATHS = (
					"$(inherited)",
					"@executable_path/Frameworks",
					"@loader_path/Frameworks",
				);
				PRODUCT_BUNDLE_IDENTIFIER = AliceZhong.HotelManzanaTests;
				PRODUCT_NAME = "$(TARGET_NAME)";
				SWIFT_VERSION = 5.0;
				TARGETED_DEVICE_FAMILY = "1,2";
				TEST_HOST = "$(BUILT_PRODUCTS_DIR)/HotelManzana.app/HotelManzana";
			};
			name = Release;
		};
		332E2B51234BB51100560363 /* Debug */ = {
			isa = XCBuildConfiguration;
			buildSettings = {
				ALWAYS_EMBED_SWIFT_STANDARD_LIBRARIES = YES;
				CODE_SIGN_STYLE = Automatic;
				DEVELOPMENT_TEAM = 85L65YJ92T;
				INFOPLIST_FILE = HotelManzanaUITests/Info.plist;
				LD_RUNPATH_SEARCH_PATHS = (
					"$(inherited)",
					"@executable_path/Frameworks",
					"@loader_path/Frameworks",
				);
				PRODUCT_BUNDLE_IDENTIFIER = AliceZhong.HotelManzanaUITests;
				PRODUCT_NAME = "$(TARGET_NAME)";
				SWIFT_VERSION = 5.0;
				TARGETED_DEVICE_FAMILY = "1,2";
				TEST_TARGET_NAME = HotelManzana;
			};
			name = Debug;
		};
		332E2B52234BB51100560363 /* Release */ = {
			isa = XCBuildConfiguration;
			buildSettings = {
				ALWAYS_EMBED_SWIFT_STANDARD_LIBRARIES = YES;
				CODE_SIGN_STYLE = Automatic;
				DEVELOPMENT_TEAM = 85L65YJ92T;
				INFOPLIST_FILE = HotelManzanaUITests/Info.plist;
				LD_RUNPATH_SEARCH_PATHS = (
					"$(inherited)",
					"@executable_path/Frameworks",
					"@loader_path/Frameworks",
				);
				PRODUCT_BUNDLE_IDENTIFIER = AliceZhong.HotelManzanaUITests;
				PRODUCT_NAME = "$(TARGET_NAME)";
				SWIFT_VERSION = 5.0;
				TARGETED_DEVICE_FAMILY = "1,2";
				TEST_TARGET_NAME = HotelManzana;
			};
			name = Release;
		};
/* End XCBuildConfiguration section */

/* Begin XCConfigurationList section */
		332E2B1B234BB50E00560363 /* Build configuration list for PBXProject "HotelManzana" */ = {
			isa = XCConfigurationList;
			buildConfigurations = (
				332E2B48234BB51100560363 /* Debug */,
				332E2B49234BB51100560363 /* Release */,
			);
			defaultConfigurationIsVisible = 0;
			defaultConfigurationName = Release;
		};
		332E2B4A234BB51100560363 /* Build configuration list for PBXNativeTarget "HotelManzana" */ = {
			isa = XCConfigurationList;
			buildConfigurations = (
				332E2B4B234BB51100560363 /* Debug */,
				332E2B4C234BB51100560363 /* Release */,
			);
			defaultConfigurationIsVisible = 0;
			defaultConfigurationName = Release;
		};
		332E2B4D234BB51100560363 /* Build configuration list for PBXNativeTarget "HotelManzanaTests" */ = {
			isa = XCConfigurationList;
			buildConfigurations = (
				332E2B4E234BB51100560363 /* Debug */,
				332E2B4F234BB51100560363 /* Release */,
			);
			defaultConfigurationIsVisible = 0;
			defaultConfigurationName = Release;
		};
		332E2B50234BB51100560363 /* Build configuration list for PBXNativeTarget "HotelManzanaUITests" */ = {
			isa = XCConfigurationList;
			buildConfigurations = (
				332E2B51234BB51100560363 /* Debug */,
				332E2B52234BB51100560363 /* Release */,
			);
			defaultConfigurationIsVisible = 0;
			defaultConfigurationName = Release;
		};
/* End XCConfigurationList section */
	};
	rootObject = 332E2B18234BB50E00560363 /* Project object */;
}
